
Microsoft Visual Studio Solution File, Format Version 12.00
# Visual Studio Version 16
VisualStudioVersion = 16.0.31424.327
MinimumVisualStudioVersion = 10.0.40219.1
Project("{FAE04EC0-301F-11D3-BF4B-00C04F79EFBC}") = "Small_Shop_Management_System", "Small_Shop_Management_System.csproj", "{BFE96CED-0ACF-4B3E-A498-368C5B8F319C}"
EndProject
Project("{FAE04EC0-301F-11D3-BF4B-00C04F79EFBC}") = "ShopManagementHost", "ShopManagementHost\ShopManagementHost.csproj", "{BB23E765-5295-410C-B41B-84019F99A1EE}"
	ProjectSection(ProjectDependencies) = postProject
		{BFE96CED-0ACF-4B3E-A498-368C5B8F319C} = {BFE96CED-0ACF-4B3E-A498-368C5B8F319C}
	EndProjectSection
EndProject
Project("{FAE04EC0-301F-11D3-BF4B-00C04F79EFBC}") = "ShopManagementClient", "ShopManagementClient\ShopManagementClient.csproj", "{57966DD0-E8A8-4370-9C25-5D9FD4047B25}"
	ProjectSection(ProjectDependencies) = postProject
		{BFE96CED-0ACF-4B3E-A498-368C5B8F319C} = {BFE96CED-0ACF-4B3E-A498-368C5B8F319C}
	EndProjectSection
EndProject
Global
	GlobalSection(SolutionConfigurationPlatforms) = preSolution
		Debug|Any CPU = Debug|Any CPU
		Release|Any CPU = Release|Any CPU
	EndGlobalSection
	GlobalSection(ProjectConfigurationPlatforms) = postSolution
		{BFE96CED-0ACF-4B3E-A498-368C5B8F319C}.Debug|Any CPU.ActiveCfg = Debug|Any CPU
		{BFE96CED-0ACF-4B3E-A498-368C5B8F319C}.Debug|Any CPU.Build.0 = Debug|Any CPU
		{BFE96CED-0ACF-4B3E-A498-368C5B8F319C}.Release|Any CPU.ActiveCfg = Release|Any CPU
		{BFE96CED-0ACF-4B3E-A498-368C5B8F319C}.Release|Any CPU.Build.0 = Release|Any CPU
		{BB23E765-5295-410C-B41B-84019F99A1EE}.Debug|Any CPU.ActiveCfg = Debug|Any CPU
		{BB23E765-5295-410C-B41B-84019F99A1EE}.Debug|Any CPU.Build.0 = Debug|Any CPU
		{BB23E765-5295-410C-B41B-84019F99A1EE}.Release|Any CPU.ActiveCfg = Release|Any CPU
		{BB23E765-5295-410C-B41B-84019F99A1EE}.Release|Any CPU.Build.0 = Release|Any CPU
		{57966DD0-E8A8-4370-9C25-5D9FD4047B25}.Debug|Any CPU.ActiveCfg = Debug|Any CPU
		{57966DD0-E8A8-4370-9C25-5D9FD4047B25}.Debug|Any CPU.Build.0 = Debug|Any CPU
		{57966DD0-E8A8-4370-9C25-5D9FD4047B25}.Release|Any CPU.ActiveCfg = Release|Any CPU
		{57966DD0-E8A8-4370-9C25-5D9FD4047B25}.Release|Any CPU.Build.0 = Release|Any CPU
	EndGlobalSection
	GlobalSection(SolutionProperties) = preSolution
		HideSolutionNode = FALSE
	EndGlobalSection
	GlobalSection(ExtensibilityGlobals) = postSolution
		SolutionGuid = {5144DF85-520F-49B2-A697-872453642F1B}
	EndGlobalSection
EndGlobal
